// !$*UTF8*$!
{
	archiveVersion = 1;
	classes = {
	};
	objectVersion = 46;
	objects = {

/* Begin PBXBuildFile section */
		6F0D6CA8173640CD0008E12F /* Place+Extension.m in Sources */ = {isa = PBXBuildFile; fileRef = 6F0D6CA7173640CD0008E12F /* Place+Extension.m */; };
		6F0D6CA9173640CD0008E12F /* Place+Extension.m in Sources */ = {isa = PBXBuildFile; fileRef = 6F0D6CA7173640CD0008E12F /* Place+Extension.m */; };
		6F0D6D00173644650008E12F /* AbstractInfo.m in Sources */ = {isa = PBXBuildFile; fileRef = 6F0D6CFF173644650008E12F /* AbstractInfo.m */; };
		6F0D6D01173644650008E12F /* AbstractInfo.m in Sources */ = {isa = PBXBuildFile; fileRef = 6F0D6CFF173644650008E12F /* AbstractInfo.m */; };
		6F0D6D04173644680008E12F /* Address.m in Sources */ = {isa = PBXBuildFile; fileRef = 6F0D6D03173644670008E12F /* Address.m */; };
		6F0D6D05173644680008E12F /* Address.m in Sources */ = {isa = PBXBuildFile; fileRef = 6F0D6D03173644670008E12F /* Address.m */; };
		6F0D6D081736446B0008E12F /* User.m in Sources */ = {isa = PBXBuildFile; fileRef = 6F0D6D071736446A0008E12F /* User.m */; };
		6F0D6D091736446B0008E12F /* User.m in Sources */ = {isa = PBXBuildFile; fileRef = 6F0D6D071736446A0008E12F /* User.m */; };
		6F0D6D0C173644710008E12F /* Tag.m in Sources */ = {isa = PBXBuildFile; fileRef = 6F0D6D0B1736446F0008E12F /* Tag.m */; };
		6F0D6D0D173644710008E12F /* Tag.m in Sources */ = {isa = PBXBuildFile; fileRef = 6F0D6D0B1736446F0008E12F /* Tag.m */; };
		6F0D6D10173644790008E12F /* Food.m in Sources */ = {isa = PBXBuildFile; fileRef = 6F0D6D0F173644770008E12F /* Food.m */; };
		6F0D6D11173644790008E12F /* Food.m in Sources */ = {isa = PBXBuildFile; fileRef = 6F0D6D0F173644770008E12F /* Food.m */; };
		6F0D6D14173644820008E12F /* Photo.m in Sources */ = {isa = PBXBuildFile; fileRef = 6F0D6D131736447F0008E12F /* Photo.m */; };
		6F0D6D15173644820008E12F /* Photo.m in Sources */ = {isa = PBXBuildFile; fileRef = 6F0D6D131736447F0008E12F /* Photo.m */; };
		6F0D6D181736448E0008E12F /* Place.m in Sources */ = {isa = PBXBuildFile; fileRef = 6F0D6D171736448A0008E12F /* Place.m */; };
		6F0D6D191736448E0008E12F /* Place.m in Sources */ = {isa = PBXBuildFile; fileRef = 6F0D6D171736448A0008E12F /* Place.m */; };
		6F12E62F173513B8007A38DA /* PngImageTransformer.m in Sources */ = {isa = PBXBuildFile; fileRef = 6F12E62E173513B8007A38DA /* PngImageTransformer.m */; };
		6F12E630173513B8007A38DA /* PngImageTransformer.m in Sources */ = {isa = PBXBuildFile; fileRef = 6F12E62E173513B8007A38DA /* PngImageTransformer.m */; };
		6F12E65F1735409A007A38DA /* AbstractInfo+Extension.m in Sources */ = {isa = PBXBuildFile; fileRef = 6F12E65E17354099007A38DA /* AbstractInfo+Extension.m */; };
		6F12E6601735409A007A38DA /* AbstractInfo+Extension.m in Sources */ = {isa = PBXBuildFile; fileRef = 6F12E65E17354099007A38DA /* AbstractInfo+Extension.m */; };
		6F12E66317354466007A38DA /* UIImage+Extension.m in Sources */ = {isa = PBXBuildFile; fileRef = 6F12E66217354466007A38DA /* UIImage+Extension.m */; };
		6F12E66417354466007A38DA /* UIImage+Extension.m in Sources */ = {isa = PBXBuildFile; fileRef = 6F12E66217354466007A38DA /* UIImage+Extension.m */; };
		6F1BCA03172E1CCE009FDF6E /* FECoreDataController.m in Sources */ = {isa = PBXBuildFile; fileRef = 6F1BCA02172E1CCE009FDF6E /* FECoreDataController.m */; };
		6F1BCA04172E1CCE009FDF6E /* FECoreDataController.m in Sources */ = {isa = PBXBuildFile; fileRef = 6F1BCA02172E1CCE009FDF6E /* FECoreDataController.m */; };
		6F1BCA09172E3032009FDF6E /* CoreData.framework in Frameworks */ = {isa = PBXBuildFile; fileRef = 6FBFE642172578860073A178 /* CoreData.framework */; };
		6F5C32CA172B828D00BCF8F7 /* GoogleMaps.framework in Frameworks */ = {isa = PBXBuildFile; fileRef = 6F5C32C9172B828D00BCF8F7 /* GoogleMaps.framework */; };
		6F5C32CE172B82EF00BCF8F7 /* feedex.xcdatamodeld in Sources */ = {isa = PBXBuildFile; fileRef = 6F5C32CC172B82EF00BCF8F7 /* feedex.xcdatamodeld */; };
		6F5E91E9172385780059055F /* UIKit.framework in Frameworks */ = {isa = PBXBuildFile; fileRef = 6F5E91E8172385780059055F /* UIKit.framework */; };
		6F5E91EB172385780059055F /* Foundation.framework in Frameworks */ = {isa = PBXBuildFile; fileRef = 6F5E91EA172385780059055F /* Foundation.framework */; };
		6F5E91ED172385780059055F /* CoreGraphics.framework in Frameworks */ = {isa = PBXBuildFile; fileRef = 6F5E91EC172385780059055F /* CoreGraphics.framework */; };
		6F5E91F3172385780059055F /* InfoPlist.strings in Resources */ = {isa = PBXBuildFile; fileRef = 6F5E91F1172385780059055F /* InfoPlist.strings */; };
		6F5E91F5172385780059055F /* main.m in Sources */ = {isa = PBXBuildFile; fileRef = 6F5E91F4172385780059055F /* main.m */; };
		6F5E91F9172385780059055F /* FEAppDelegate.m in Sources */ = {isa = PBXBuildFile; fileRef = 6F5E91F8172385780059055F /* FEAppDelegate.m */; };
		6F5E91FB172385780059055F /* Default.png in Resources */ = {isa = PBXBuildFile; fileRef = 6F5E91FA172385780059055F /* Default.png */; };
		6F5E91FD172385780059055F /* Default@2x.png in Resources */ = {isa = PBXBuildFile; fileRef = 6F5E91FC172385780059055F /* Default@2x.png */; };
		6F5E91FF172385780059055F /* Default-568h@2x.png in Resources */ = {isa = PBXBuildFile; fileRef = 6F5E91FE172385780059055F /* Default-568h@2x.png */; };
		6F5E9202172385780059055F /* MainStoryboard_iPhone.storyboard in Resources */ = {isa = PBXBuildFile; fileRef = 6F5E9200172385780059055F /* MainStoryboard_iPhone.storyboard */; };
		6F5E9205172385780059055F /* MainStoryboard_iPad.storyboard in Resources */ = {isa = PBXBuildFile; fileRef = 6F5E9203172385780059055F /* MainStoryboard_iPad.storyboard */; };
		6F5E9210172385780059055F /* SenTestingKit.framework in Frameworks */ = {isa = PBXBuildFile; fileRef = 6F5E920F172385780059055F /* SenTestingKit.framework */; };
		6F5E9211172385780059055F /* UIKit.framework in Frameworks */ = {isa = PBXBuildFile; fileRef = 6F5E91E8172385780059055F /* UIKit.framework */; };
		6F5E9212172385780059055F /* Foundation.framework in Frameworks */ = {isa = PBXBuildFile; fileRef = 6F5E91EA172385780059055F /* Foundation.framework */; };
		6F5E921A172385780059055F /* InfoPlist.strings in Resources */ = {isa = PBXBuildFile; fileRef = 6F5E9218172385780059055F /* InfoPlist.strings */; };
		6F5E921D172385780059055F /* feedExTests.m in Sources */ = {isa = PBXBuildFile; fileRef = 6F5E921C172385780059055F /* feedExTests.m */; };
		6F9E95B81744EED100DCCF24 /* FEVerticalResizeControllView.m in Sources */ = {isa = PBXBuildFile; fileRef = 6F9E95B21744EED100DCCF24 /* FEVerticalResizeControllView.m */; };
		6F9E95B91744EED100DCCF24 /* FEEditPlaceInfoMainVC.m in Sources */ = {isa = PBXBuildFile; fileRef = 6F9E95B51744EED100DCCF24 /* FEEditPlaceInfoMainVC.m */; };
		6F9E95BA1744EED100DCCF24 /* FEEditPlaceInfoTVC.m in Sources */ = {isa = PBXBuildFile; fileRef = 6F9E95B71744EED100DCCF24 /* FEEditPlaceInfoTVC.m */; };
		6F9E95C21745E44100DCCF24 /* NSString+Extension.m in Sources */ = {isa = PBXBuildFile; fileRef = 6F9E95C11745E44000DCCF24 /* NSString+Extension.m */; };
		6F9E95CA174646A900DCCF24 /* FETestViewController.m in Sources */ = {isa = PBXBuildFile; fileRef = 6F9E95C9174646A900DCCF24 /* FETestViewController.m */; };
		6F9E95D117465D9300DCCF24 /* FEDynamicScrollView.m in Sources */ = {isa = PBXBuildFile; fileRef = 6F9E95D017465D9200DCCF24 /* FEDynamicScrollView.m */; };
		6F9E95F817473BAB00DCCF24 /* a_t.png in Resources */ = {isa = PBXBuildFile; fileRef = 6F9E95EC17473BAB00DCCF24 /* a_t.png */; };
		6F9E95FA17473BAB00DCCF24 /* b_t.png in Resources */ = {isa = PBXBuildFile; fileRef = 6F9E95EE17473BAB00DCCF24 /* b_t.png */; };
		6F9E95FC17473BAB00DCCF24 /* c_t.png in Resources */ = {isa = PBXBuildFile; fileRef = 6F9E95F017473BAB00DCCF24 /* c_t.png */; };
		6F9E95FE17473BAB00DCCF24 /* d_t.png in Resources */ = {isa = PBXBuildFile; fileRef = 6F9E95F217473BAB00DCCF24 /* d_t.png */; };
		6F9E960217473BAB00DCCF24 /* e_t.png in Resources */ = {isa = PBXBuildFile; fileRef = 6F9E95F617473BAB00DCCF24 /* e_t.png */; };
		6F9E960617475D5000DCCF24 /* delete.png in Resources */ = {isa = PBXBuildFile; fileRef = 6F9E960417475D5000DCCF24 /* delete.png */; };
		6F9E960717475D5000DCCF24 /* delete@2x.png in Resources */ = {isa = PBXBuildFile; fileRef = 6F9E960517475D5000DCCF24 /* delete@2x.png */; };
		6FBD71CD173F6FFA00AB6EDA /* GoogleMaps.bundle in Resources */ = {isa = PBXBuildFile; fileRef = 6FBD71CC173F6FFA00AB6EDA /* GoogleMaps.bundle */; };
		6FBFE64D172578860073A178 /* AVFoundation.framework in Frameworks */ = {isa = PBXBuildFile; fileRef = 6FBFE641172578860073A178 /* AVFoundation.framework */; };
		6FBFE64E172578860073A178 /* CoreData.framework in Frameworks */ = {isa = PBXBuildFile; fileRef = 6FBFE642172578860073A178 /* CoreData.framework */; };
		6FBFE64F172578860073A178 /* CoreLocation.framework in Frameworks */ = {isa = PBXBuildFile; fileRef = 6FBFE643172578860073A178 /* CoreLocation.framework */; };
		6FBFE650172578860073A178 /* CoreText.framework in Frameworks */ = {isa = PBXBuildFile; fileRef = 6FBFE644172578860073A178 /* CoreText.framework */; };
		6FBFE651172578860073A178 /* GLKit.framework in Frameworks */ = {isa = PBXBuildFile; fileRef = 6FBFE645172578860073A178 /* GLKit.framework */; };
		6FBFE652172578860073A178 /* ImageIO.framework in Frameworks */ = {isa = PBXBuildFile; fileRef = 6FBFE646172578860073A178 /* ImageIO.framework */; };
		6FBFE653172578860073A178 /* libc++.dylib in Frameworks */ = {isa = PBXBuildFile; fileRef = 6FBFE647172578860073A178 /* libc++.dylib */; };
		6FBFE654172578860073A178 /* libicucore.dylib in Frameworks */ = {isa = PBXBuildFile; fileRef = 6FBFE648172578860073A178 /* libicucore.dylib */; };
		6FBFE655172578860073A178 /* libz.dylib in Frameworks */ = {isa = PBXBuildFile; fileRef = 6FBFE649172578860073A178 /* libz.dylib */; };
		6FBFE656172578860073A178 /* OpenGLES.framework in Frameworks */ = {isa = PBXBuildFile; fileRef = 6FBFE64A172578860073A178 /* OpenGLES.framework */; };
		6FBFE657172578860073A178 /* QuartzCore.framework in Frameworks */ = {isa = PBXBuildFile; fileRef = 6FBFE64B172578860073A178 /* QuartzCore.framework */; };
		6FBFE658172578860073A178 /* SystemConfiguration.framework in Frameworks */ = {isa = PBXBuildFile; fileRef = 6FBFE64C172578860073A178 /* SystemConfiguration.framework */; };
		6FCE53491723968A00D61BB9 /* community.png in Resources */ = {isa = PBXBuildFile; fileRef = 6FCE53441723968A00D61BB9 /* community.png */; };
		6FCE534A1723968A00D61BB9 /* home.png in Resources */ = {isa = PBXBuildFile; fileRef = 6FCE53451723968A00D61BB9 /* home.png */; };
		6FCE534B1723968A00D61BB9 /* map.png in Resources */ = {isa = PBXBuildFile; fileRef = 6FCE53461723968A00D61BB9 /* map.png */; };
		6FCE534C1723968A00D61BB9 /* search.png in Resources */ = {isa = PBXBuildFile; fileRef = 6FCE53471723968A00D61BB9 /* search.png */; };
		6FCE534D1723968A00D61BB9 /* spin.png in Resources */ = {isa = PBXBuildFile; fileRef = 6FCE53481723968A00D61BB9 /* spin.png */; };
		6FD8CB521748DC410039EAE8 /* FEWiggleView.m in Sources */ = {isa = PBXBuildFile; fileRef = 6FD8CB511748DC410039EAE8 /* FEWiggleView.m */; };
/* End PBXBuildFile section */

/* Begin PBXContainerItemProxy section */
		6F5E9213172385780059055F /* PBXContainerItemProxy */ = {
			isa = PBXContainerItemProxy;
			containerPortal = 6F5E91DD172385770059055F /* Project object */;
			proxyType = 1;
			remoteGlobalIDString = 6F5E91E4172385780059055F;
			remoteInfo = feedEx;
		};
		6FA7DEB0172E8000004404E6 /* PBXContainerItemProxy */ = {
			isa = PBXContainerItemProxy;
			containerPortal = 6FA7DEAC172E8000004404E6 /* feedExDatabaseGenerate.xcodeproj */;
			proxyType = 2;
			remoteGlobalIDString = 6FA7DE96172E7FFF004404E6;
			remoteInfo = feedExDatabaseGenerate;
		};
/* End PBXContainerItemProxy section */

/* Begin PBXFileReference section */
		6F0D6CA6173640CC0008E12F /* Place+Extension.h */ = {isa = PBXFileReference; fileEncoding = 4; lastKnownFileType = sourcecode.c.h; path = "Place+Extension.h"; sourceTree = "<group>"; };
		6F0D6CA7173640CD0008E12F /* Place+Extension.m */ = {isa = PBXFileReference; fileEncoding = 4; lastKnownFileType = sourcecode.c.objc; path = "Place+Extension.m"; sourceTree = "<group>"; };
		6F0D6CFE173644640008E12F /* AbstractInfo.h */ = {isa = PBXFileReference; fileEncoding = 4; lastKnownFileType = sourcecode.c.h; path = AbstractInfo.h; sourceTree = "<group>"; };
		6F0D6CFF173644650008E12F /* AbstractInfo.m */ = {isa = PBXFileReference; fileEncoding = 4; lastKnownFileType = sourcecode.c.objc; path = AbstractInfo.m; sourceTree = "<group>"; };
		6F0D6D02173644660008E12F /* Address.h */ = {isa = PBXFileReference; fileEncoding = 4; lastKnownFileType = sourcecode.c.h; path = Address.h; sourceTree = "<group>"; };
		6F0D6D03173644670008E12F /* Address.m */ = {isa = PBXFileReference; fileEncoding = 4; lastKnownFileType = sourcecode.c.objc; path = Address.m; sourceTree = "<group>"; };
		6F0D6D06173644690008E12F /* User.h */ = {isa = PBXFileReference; fileEncoding = 4; lastKnownFileType = sourcecode.c.h; path = User.h; sourceTree = "<group>"; };
		6F0D6D071736446A0008E12F /* User.m */ = {isa = PBXFileReference; fileEncoding = 4; lastKnownFileType = sourcecode.c.objc; path = User.m; sourceTree = "<group>"; };
		6F0D6D0A1736446D0008E12F /* Tag.h */ = {isa = PBXFileReference; fileEncoding = 4; lastKnownFileType = sourcecode.c.h; path = Tag.h; sourceTree = "<group>"; };
		6F0D6D0B1736446F0008E12F /* Tag.m */ = {isa = PBXFileReference; fileEncoding = 4; lastKnownFileType = sourcecode.c.objc; path = Tag.m; sourceTree = "<group>"; };
		6F0D6D0E173644740008E12F /* Food.h */ = {isa = PBXFileReference; fileEncoding = 4; lastKnownFileType = sourcecode.c.h; path = Food.h; sourceTree = "<group>"; };
		6F0D6D0F173644770008E12F /* Food.m */ = {isa = PBXFileReference; fileEncoding = 4; lastKnownFileType = sourcecode.c.objc; path = Food.m; sourceTree = "<group>"; };
		6F0D6D121736447D0008E12F /* Photo.h */ = {isa = PBXFileReference; fileEncoding = 4; lastKnownFileType = sourcecode.c.h; path = Photo.h; sourceTree = "<group>"; };
		6F0D6D131736447F0008E12F /* Photo.m */ = {isa = PBXFileReference; fileEncoding = 4; lastKnownFileType = sourcecode.c.objc; path = Photo.m; sourceTree = "<group>"; };
		6F0D6D16173644870008E12F /* Place.h */ = {isa = PBXFileReference; fileEncoding = 4; lastKnownFileType = sourcecode.c.h; path = Place.h; sourceTree = "<group>"; };
		6F0D6D171736448A0008E12F /* Place.m */ = {isa = PBXFileReference; fileEncoding = 4; lastKnownFileType = sourcecode.c.objc; path = Place.m; sourceTree = "<group>"; };
		6F12E62D173513B8007A38DA /* PngImageTransformer.h */ = {isa = PBXFileReference; fileEncoding = 4; lastKnownFileType = sourcecode.c.h; path = PngImageTransformer.h; sourceTree = "<group>"; };
		6F12E62E173513B8007A38DA /* PngImageTransformer.m */ = {isa = PBXFileReference; fileEncoding = 4; lastKnownFileType = sourcecode.c.objc; path = PngImageTransformer.m; sourceTree = "<group>"; };
		6F12E65D17354099007A38DA /* AbstractInfo+Extension.h */ = {isa = PBXFileReference; fileEncoding = 4; lastKnownFileType = sourcecode.c.h; path = "AbstractInfo+Extension.h"; sourceTree = "<group>"; };
		6F12E65E17354099007A38DA /* AbstractInfo+Extension.m */ = {isa = PBXFileReference; fileEncoding = 4; lastKnownFileType = sourcecode.c.objc; path = "AbstractInfo+Extension.m"; sourceTree = "<group>"; };
		6F12E66117354466007A38DA /* UIImage+Extension.h */ = {isa = PBXFileReference; fileEncoding = 4; lastKnownFileType = sourcecode.c.h; path = "UIImage+Extension.h"; sourceTree = "<group>"; };
		6F12E66217354466007A38DA /* UIImage+Extension.m */ = {isa = PBXFileReference; fileEncoding = 4; lastKnownFileType = sourcecode.c.objc; path = "UIImage+Extension.m"; sourceTree = "<group>"; };
		6F1BCA01172E1CCE009FDF6E /* FECoreDataController.h */ = {isa = PBXFileReference; fileEncoding = 4; lastKnownFileType = sourcecode.c.h; path = FECoreDataController.h; sourceTree = "<group>"; };
		6F1BCA02172E1CCE009FDF6E /* FECoreDataController.m */ = {isa = PBXFileReference; fileEncoding = 4; lastKnownFileType = sourcecode.c.objc; path = FECoreDataController.m; sourceTree = "<group>"; };
		6F5C32C9172B828D00BCF8F7 /* GoogleMaps.framework */ = {isa = PBXFileReference; lastKnownFileType = wrapper.framework; name = GoogleMaps.framework; path = framework/GoogleMaps.framework; sourceTree = "<group>"; };
		6F5C32CD172B82EF00BCF8F7 /* feedex.xcdatamodel */ = {isa = PBXFileReference; lastKnownFileType = wrapper.xcdatamodel; path = feedex.xcdatamodel; sourceTree = "<group>"; };
		6F5E91E5172385780059055F /* feedEx.app */ = {isa = PBXFileReference; explicitFileType = wrapper.application; includeInIndex = 0; path = feedEx.app; sourceTree = BUILT_PRODUCTS_DIR; };
		6F5E91E8172385780059055F /* UIKit.framework */ = {isa = PBXFileReference; lastKnownFileType = wrapper.framework; name = UIKit.framework; path = System/Library/Frameworks/UIKit.framework; sourceTree = SDKROOT; };
		6F5E91EA172385780059055F /* Foundation.framework */ = {isa = PBXFileReference; lastKnownFileType = wrapper.framework; name = Foundation.framework; path = System/Library/Frameworks/Foundation.framework; sourceTree = SDKROOT; };
		6F5E91EC172385780059055F /* CoreGraphics.framework */ = {isa = PBXFileReference; lastKnownFileType = wrapper.framework; name = CoreGraphics.framework; path = System/Library/Frameworks/CoreGraphics.framework; sourceTree = SDKROOT; };
		6F5E91F0172385780059055F /* feedEx-Info.plist */ = {isa = PBXFileReference; lastKnownFileType = text.plist.xml; path = "feedEx-Info.plist"; sourceTree = "<group>"; };
		6F5E91F2172385780059055F /* en */ = {isa = PBXFileReference; lastKnownFileType = text.plist.strings; name = en; path = en.lproj/InfoPlist.strings; sourceTree = "<group>"; };
		6F5E91F4172385780059055F /* main.m */ = {isa = PBXFileReference; lastKnownFileType = sourcecode.c.objc; path = main.m; sourceTree = "<group>"; };
		6F5E91F6172385780059055F /* feedEx-Prefix.pch */ = {isa = PBXFileReference; lastKnownFileType = sourcecode.c.h; path = "feedEx-Prefix.pch"; sourceTree = "<group>"; };
		6F5E91F7172385780059055F /* FEAppDelegate.h */ = {isa = PBXFileReference; lastKnownFileType = sourcecode.c.h; path = FEAppDelegate.h; sourceTree = "<group>"; };
		6F5E91F8172385780059055F /* FEAppDelegate.m */ = {isa = PBXFileReference; lastKnownFileType = sourcecode.c.objc; path = FEAppDelegate.m; sourceTree = "<group>"; };
		6F5E91FA172385780059055F /* Default.png */ = {isa = PBXFileReference; lastKnownFileType = image.png; path = Default.png; sourceTree = "<group>"; };
		6F5E91FC172385780059055F /* Default@2x.png */ = {isa = PBXFileReference; lastKnownFileType = image.png; path = "Default@2x.png"; sourceTree = "<group>"; };
		6F5E91FE172385780059055F /* Default-568h@2x.png */ = {isa = PBXFileReference; lastKnownFileType = image.png; path = "Default-568h@2x.png"; sourceTree = "<group>"; };
		6F5E9201172385780059055F /* en */ = {isa = PBXFileReference; lastKnownFileType = file.storyboard; name = en; path = en.lproj/MainStoryboard_iPhone.storyboard; sourceTree = "<group>"; };
		6F5E9204172385780059055F /* en */ = {isa = PBXFileReference; lastKnownFileType = file.storyboard; name = en; path = en.lproj/MainStoryboard_iPad.storyboard; sourceTree = "<group>"; };
		6F5E920E172385780059055F /* feedExTests.octest */ = {isa = PBXFileReference; explicitFileType = wrapper.cfbundle; includeInIndex = 0; path = feedExTests.octest; sourceTree = BUILT_PRODUCTS_DIR; };
		6F5E920F172385780059055F /* SenTestingKit.framework */ = {isa = PBXFileReference; lastKnownFileType = wrapper.framework; name = SenTestingKit.framework; path = Library/Frameworks/SenTestingKit.framework; sourceTree = DEVELOPER_DIR; };
		6F5E9217172385780059055F /* feedExTests-Info.plist */ = {isa = PBXFileReference; lastKnownFileType = text.plist.xml; path = "feedExTests-Info.plist"; sourceTree = "<group>"; };
		6F5E9219172385780059055F /* en */ = {isa = PBXFileReference; lastKnownFileType = text.plist.strings; name = en; path = en.lproj/InfoPlist.strings; sourceTree = "<group>"; };
		6F5E921B172385780059055F /* feedExTests.h */ = {isa = PBXFileReference; lastKnownFileType = sourcecode.c.h; path = feedExTests.h; sourceTree = "<group>"; };
		6F5E921C172385780059055F /* feedExTests.m */ = {isa = PBXFileReference; lastKnownFileType = sourcecode.c.objc; path = feedExTests.m; sourceTree = "<group>"; };
		6F9E95B11744EED100DCCF24 /* FEVerticalResizeControllView.h */ = {isa = PBXFileReference; fileEncoding = 4; lastKnownFileType = sourcecode.c.h; path = FEVerticalResizeControllView.h; sourceTree = "<group>"; };
		6F9E95B21744EED100DCCF24 /* FEVerticalResizeControllView.m */ = {isa = PBXFileReference; fileEncoding = 4; lastKnownFileType = sourcecode.c.objc; path = FEVerticalResizeControllView.m; sourceTree = "<group>"; };
		6F9E95B41744EED100DCCF24 /* FEEditPlaceInfoMainVC.h */ = {isa = PBXFileReference; fileEncoding = 4; lastKnownFileType = sourcecode.c.h; path = FEEditPlaceInfoMainVC.h; sourceTree = "<group>"; };
		6F9E95B51744EED100DCCF24 /* FEEditPlaceInfoMainVC.m */ = {isa = PBXFileReference; fileEncoding = 4; lastKnownFileType = sourcecode.c.objc; path = FEEditPlaceInfoMainVC.m; sourceTree = "<group>"; };
		6F9E95B61744EED100DCCF24 /* FEEditPlaceInfoTVC.h */ = {isa = PBXFileReference; fileEncoding = 4; lastKnownFileType = sourcecode.c.h; path = FEEditPlaceInfoTVC.h; sourceTree = "<group>"; };
		6F9E95B71744EED100DCCF24 /* FEEditPlaceInfoTVC.m */ = {isa = PBXFileReference; fileEncoding = 4; lastKnownFileType = sourcecode.c.objc; path = FEEditPlaceInfoTVC.m; sourceTree = "<group>"; };
		6F9E95C01745E44000DCCF24 /* NSString+Extension.h */ = {isa = PBXFileReference; fileEncoding = 4; lastKnownFileType = sourcecode.c.h; path = "NSString+Extension.h"; sourceTree = "<group>"; };
		6F9E95C11745E44000DCCF24 /* NSString+Extension.m */ = {isa = PBXFileReference; fileEncoding = 4; lastKnownFileType = sourcecode.c.objc; path = "NSString+Extension.m"; sourceTree = "<group>"; };
		6F9E95C8174646A900DCCF24 /* FETestViewController.h */ = {isa = PBXFileReference; fileEncoding = 4; lastKnownFileType = sourcecode.c.h; path = FETestViewController.h; sourceTree = "<group>"; };
		6F9E95C9174646A900DCCF24 /* FETestViewController.m */ = {isa = PBXFileReference; fileEncoding = 4; lastKnownFileType = sourcecode.c.objc; path = FETestViewController.m; sourceTree = "<group>"; };
		6F9E95CF17465D9200DCCF24 /* FEDynamicScrollView.h */ = {isa = PBXFileReference; fileEncoding = 4; lastKnownFileType = sourcecode.c.h; path = FEDynamicScrollView.h; sourceTree = "<group>"; };
		6F9E95D017465D9200DCCF24 /* FEDynamicScrollView.m */ = {isa = PBXFileReference; fileEncoding = 4; lastKnownFileType = sourcecode.c.objc; path = FEDynamicScrollView.m; sourceTree = "<group>"; };
		6F9E95EC17473BAB00DCCF24 /* a_t.png */ = {isa = PBXFileReference; lastKnownFileType = image.png; path = a_t.png; sourceTree = "<group>"; };
		6F9E95EE17473BAB00DCCF24 /* b_t.png */ = {isa = PBXFileReference; lastKnownFileType = image.png; path = b_t.png; sourceTree = "<group>"; };
		6F9E95F017473BAB00DCCF24 /* c_t.png */ = {isa = PBXFileReference; lastKnownFileType = image.png; path = c_t.png; sourceTree = "<group>"; };
		6F9E95F217473BAB00DCCF24 /* d_t.png */ = {isa = PBXFileReference; lastKnownFileType = image.png; path = d_t.png; sourceTree = "<group>"; };
		6F9E95F617473BAB00DCCF24 /* e_t.png */ = {isa = PBXFileReference; lastKnownFileType = image.png; path = e_t.png; sourceTree = "<group>"; };
		6F9E960417475D5000DCCF24 /* delete.png */ = {isa = PBXFileReference; lastKnownFileType = image.png; path = delete.png; sourceTree = "<group>"; };
		6F9E960517475D5000DCCF24 /* delete@2x.png */ = {isa = PBXFileReference; lastKnownFileType = image.png; path = "delete@2x.png"; sourceTree = "<group>"; };
		6FA7DEAC172E8000004404E6 /* feedExDatabaseGenerate.xcodeproj */ = {isa = PBXFileReference; lastKnownFileType = "wrapper.pb-project"; name = feedExDatabaseGenerate.xcodeproj; path = feedExDatabaseGenerate/feedExDatabaseGenerate.xcodeproj; sourceTree = "<group>"; };
		6FBD71CC173F6FFA00AB6EDA /* GoogleMaps.bundle */ = {isa = PBXFileReference; lastKnownFileType = "wrapper.plug-in"; name = GoogleMaps.bundle; path = framework/GoogleMaps.framework/GoogleMaps.bundle; sourceTree = "<group>"; };
		6FBFE641172578860073A178 /* AVFoundation.framework */ = {isa = PBXFileReference; lastKnownFileType = wrapper.framework; name = AVFoundation.framework; path = System/Library/Frameworks/AVFoundation.framework; sourceTree = SDKROOT; };
		6FBFE642172578860073A178 /* CoreData.framework */ = {isa = PBXFileReference; lastKnownFileType = wrapper.framework; name = CoreData.framework; path = System/Library/Frameworks/CoreData.framework; sourceTree = SDKROOT; };
		6FBFE643172578860073A178 /* CoreLocation.framework */ = {isa = PBXFileReference; lastKnownFileType = wrapper.framework; name = CoreLocation.framework; path = System/Library/Frameworks/CoreLocation.framework; sourceTree = SDKROOT; };
		6FBFE644172578860073A178 /* CoreText.framework */ = {isa = PBXFileReference; lastKnownFileType = wrapper.framework; name = CoreText.framework; path = System/Library/Frameworks/CoreText.framework; sourceTree = SDKROOT; };
		6FBFE645172578860073A178 /* GLKit.framework */ = {isa = PBXFileReference; lastKnownFileType = wrapper.framework; name = GLKit.framework; path = System/Library/Frameworks/GLKit.framework; sourceTree = SDKROOT; };
		6FBFE646172578860073A178 /* ImageIO.framework */ = {isa = PBXFileReference; lastKnownFileType = wrapper.framework; name = ImageIO.framework; path = System/Library/Frameworks/ImageIO.framework; sourceTree = SDKROOT; };
		6FBFE647172578860073A178 /* libc++.dylib */ = {isa = PBXFileReference; lastKnownFileType = "compiled.mach-o.dylib"; name = "libc++.dylib"; path = "usr/lib/libc++.dylib"; sourceTree = SDKROOT; };
		6FBFE648172578860073A178 /* libicucore.dylib */ = {isa = PBXFileReference; lastKnownFileType = "compiled.mach-o.dylib"; name = libicucore.dylib; path = usr/lib/libicucore.dylib; sourceTree = SDKROOT; };
		6FBFE649172578860073A178 /* libz.dylib */ = {isa = PBXFileReference; lastKnownFileType = "compiled.mach-o.dylib"; name = libz.dylib; path = usr/lib/libz.dylib; sourceTree = SDKROOT; };
		6FBFE64A172578860073A178 /* OpenGLES.framework */ = {isa = PBXFileReference; lastKnownFileType = wrapper.framework; name = OpenGLES.framework; path = System/Library/Frameworks/OpenGLES.framework; sourceTree = SDKROOT; };
		6FBFE64B172578860073A178 /* QuartzCore.framework */ = {isa = PBXFileReference; lastKnownFileType = wrapper.framework; name = QuartzCore.framework; path = System/Library/Frameworks/QuartzCore.framework; sourceTree = SDKROOT; };
		6FBFE64C172578860073A178 /* SystemConfiguration.framework */ = {isa = PBXFileReference; lastKnownFileType = wrapper.framework; name = SystemConfiguration.framework; path = System/Library/Frameworks/SystemConfiguration.framework; sourceTree = SDKROOT; };
		6FCE53441723968A00D61BB9 /* community.png */ = {isa = PBXFileReference; lastKnownFileType = image.png; path = community.png; sourceTree = "<group>"; };
		6FCE53451723968A00D61BB9 /* home.png */ = {isa = PBXFileReference; lastKnownFileType = image.png; path = home.png; sourceTree = "<group>"; };
		6FCE53461723968A00D61BB9 /* map.png */ = {isa = PBXFileReference; lastKnownFileType = image.png; path = map.png; sourceTree = "<group>"; };
		6FCE53471723968A00D61BB9 /* search.png */ = {isa = PBXFileReference; lastKnownFileType = image.png; path = search.png; sourceTree = "<group>"; };
		6FCE53481723968A00D61BB9 /* spin.png */ = {isa = PBXFileReference; lastKnownFileType = image.png; path = spin.png; sourceTree = "<group>"; };
		6FD8CB501748DC410039EAE8 /* FEWiggleView.h */ = {isa = PBXFileReference; fileEncoding = 4; lastKnownFileType = sourcecode.c.h; path = FEWiggleView.h; sourceTree = "<group>"; };
		6FD8CB511748DC410039EAE8 /* FEWiggleView.m */ = {isa = PBXFileReference; fileEncoding = 4; lastKnownFileType = sourcecode.c.objc; path = FEWiggleView.m; sourceTree = "<group>"; };
/* End PBXFileReference section */

/* Begin PBXFrameworksBuildPhase section */
		6F5E91E2172385780059055F /* Frameworks */ = {
			isa = PBXFrameworksBuildPhase;
			buildActionMask = 2147483647;
			files = (
				6FBFE64D172578860073A178 /* AVFoundation.framework in Frameworks */,
				6FBFE64E172578860073A178 /* CoreData.framework in Frameworks */,
				6FBFE64F172578860073A178 /* CoreLocation.framework in Frameworks */,
				6FBFE650172578860073A178 /* CoreText.framework in Frameworks */,
				6FBFE651172578860073A178 /* GLKit.framework in Frameworks */,
				6FBFE652172578860073A178 /* ImageIO.framework in Frameworks */,
				6FBFE653172578860073A178 /* libc++.dylib in Frameworks */,
				6FBFE654172578860073A178 /* libicucore.dylib in Frameworks */,
				6FBFE655172578860073A178 /* libz.dylib in Frameworks */,
				6FBFE656172578860073A178 /* OpenGLES.framework in Frameworks */,
				6FBFE657172578860073A178 /* QuartzCore.framework in Frameworks */,
				6FBFE658172578860073A178 /* SystemConfiguration.framework in Frameworks */,
				6F5E91E9172385780059055F /* UIKit.framework in Frameworks */,
				6F5E91EB172385780059055F /* Foundation.framework in Frameworks */,
				6F5E91ED172385780059055F /* CoreGraphics.framework in Frameworks */,
				6F5C32CA172B828D00BCF8F7 /* GoogleMaps.framework in Frameworks */,
			);
			runOnlyForDeploymentPostprocessing = 0;
		};
		6F5E920A172385780059055F /* Frameworks */ = {
			isa = PBXFrameworksBuildPhase;
			buildActionMask = 2147483647;
			files = (
				6F1BCA09172E3032009FDF6E /* CoreData.framework in Frameworks */,
				6F5E9210172385780059055F /* SenTestingKit.framework in Frameworks */,
				6F5E9211172385780059055F /* UIKit.framework in Frameworks */,
				6F5E9212172385780059055F /* Foundation.framework in Frameworks */,
			);
			runOnlyForDeploymentPostprocessing = 0;
		};
/* End PBXFrameworksBuildPhase section */

/* Begin PBXGroup section */
		6F12E66A17354D27007A38DA /* Images */ = {
			isa = PBXGroup;
			children = (
				6F9E960417475D5000DCCF24 /* delete.png */,
				6F9E960517475D5000DCCF24 /* delete@2x.png */,
				6F9E95EC17473BAB00DCCF24 /* a_t.png */,
				6F9E95EE17473BAB00DCCF24 /* b_t.png */,
				6F9E95F017473BAB00DCCF24 /* c_t.png */,
				6F9E95F217473BAB00DCCF24 /* d_t.png */,
				6F9E95F617473BAB00DCCF24 /* e_t.png */,
			);
			path = Images;
			sourceTree = "<group>";
		};
		6F5C32CB172B82B100BCF8F7 /* CoreData */ = {
			isa = PBXGroup;
			children = (
				6F0D6D02173644660008E12F /* Address.h */,
				6F0D6D03173644670008E12F /* Address.m */,
				6F0D6CFE173644640008E12F /* AbstractInfo.h */,
				6F0D6CFF173644650008E12F /* AbstractInfo.m */,
				6F0D6D16173644870008E12F /* Place.h */,
				6F0D6D171736448A0008E12F /* Place.m */,
				6F0D6D121736447D0008E12F /* Photo.h */,
				6F0D6D131736447F0008E12F /* Photo.m */,
				6F0D6D0E173644740008E12F /* Food.h */,
				6F0D6D0F173644770008E12F /* Food.m */,
				6F0D6D0A1736446D0008E12F /* Tag.h */,
				6F0D6D0B1736446F0008E12F /* Tag.m */,
				6F0D6D06173644690008E12F /* User.h */,
				6F0D6D071736446A0008E12F /* User.m */,
				6F5C32CC172B82EF00BCF8F7 /* feedex.xcdatamodeld */,
				6F12E65D17354099007A38DA /* AbstractInfo+Extension.h */,
				6F12E65E17354099007A38DA /* AbstractInfo+Extension.m */,
				6F0D6CA6173640CC0008E12F /* Place+Extension.h */,
				6F0D6CA7173640CD0008E12F /* Place+Extension.m */,
				6F12E62D173513B8007A38DA /* PngImageTransformer.h */,
				6F12E62E173513B8007A38DA /* PngImageTransformer.m */,
				6F12E66117354466007A38DA /* UIImage+Extension.h */,
				6F12E66217354466007A38DA /* UIImage+Extension.m */,
				6F1BCA01172E1CCE009FDF6E /* FECoreDataController.h */,
				6F1BCA02172E1CCE009FDF6E /* FECoreDataController.m */,
			);
			path = CoreData;
			sourceTree = "<group>";
		};
		6F5E91DC172385770059055F = {
			isa = PBXGroup;
			children = (
				6FA7DEAC172E8000004404E6 /* feedExDatabaseGenerate.xcodeproj */,
				6F5E91EE172385780059055F /* feedEx */,
				6F5E9215172385780059055F /* feedExTests */,
				6F5E91E7172385780059055F /* Frameworks */,
				6F5E91E6172385780059055F /* Products */,
			);
			sourceTree = "<group>";
		};
		6F5E91E6172385780059055F /* Products */ = {
			isa = PBXGroup;
			children = (
				6F5E91E5172385780059055F /* feedEx.app */,
				6F5E920E172385780059055F /* feedExTests.octest */,
			);
			name = Products;
			sourceTree = "<group>";
		};
		6F5E91E7172385780059055F /* Frameworks */ = {
			isa = PBXGroup;
			children = (
				6FBD71CC173F6FFA00AB6EDA /* GoogleMaps.bundle */,
				6F5C32C9172B828D00BCF8F7 /* GoogleMaps.framework */,
				6FBFE641172578860073A178 /* AVFoundation.framework */,
				6FBFE642172578860073A178 /* CoreData.framework */,
				6FBFE643172578860073A178 /* CoreLocation.framework */,
				6FBFE644172578860073A178 /* CoreText.framework */,
				6FBFE645172578860073A178 /* GLKit.framework */,
				6FBFE646172578860073A178 /* ImageIO.framework */,
				6FBFE647172578860073A178 /* libc++.dylib */,
				6FBFE648172578860073A178 /* libicucore.dylib */,
				6FBFE649172578860073A178 /* libz.dylib */,
				6FBFE64A172578860073A178 /* OpenGLES.framework */,
				6FBFE64B172578860073A178 /* QuartzCore.framework */,
				6FBFE64C172578860073A178 /* SystemConfiguration.framework */,
				6F5E91E8172385780059055F /* UIKit.framework */,
				6F5E91EA172385780059055F /* Foundation.framework */,
				6F5E91EC172385780059055F /* CoreGraphics.framework */,
				6F5E920F172385780059055F /* SenTestingKit.framework */,
			);
			name = Frameworks;
			sourceTree = "<group>";
		};
		6F5E91EE172385780059055F /* feedEx */ = {
			isa = PBXGroup;
			children = (
				6F9E95AF1744EED100DCCF24 /* GUI */,
				6F5C32CB172B82B100BCF8F7 /* CoreData */,
				6F5E91F7172385780059055F /* FEAppDelegate.h */,
				6F5E91F8172385780059055F /* FEAppDelegate.m */,
				6F5E9200172385780059055F /* MainStoryboard_iPhone.storyboard */,
				6F5E9203172385780059055F /* MainStoryboard_iPad.storyboard */,
				6F5E91EF172385780059055F /* Supporting Files */,
				6F9E95C8174646A900DCCF24 /* FETestViewController.h */,
				6F9E95C9174646A900DCCF24 /* FETestViewController.m */,
			);
			path = feedEx;
			sourceTree = "<group>";
		};
		6F5E91EF172385780059055F /* Supporting Files */ = {
			isa = PBXGroup;
			children = (
				6F12E66A17354D27007A38DA /* Images */,
				6FCE53431723968A00D61BB9 /* Icons */,
				6F5E91F0172385780059055F /* feedEx-Info.plist */,
				6F5E91F1172385780059055F /* InfoPlist.strings */,
				6F5E91F4172385780059055F /* main.m */,
				6F5E91F6172385780059055F /* feedEx-Prefix.pch */,
				6F5E91FA172385780059055F /* Default.png */,
				6F5E91FC172385780059055F /* Default@2x.png */,
				6F5E91FE172385780059055F /* Default-568h@2x.png */,
			);
			name = "Supporting Files";
			sourceTree = "<group>";
		};
		6F5E9215172385780059055F /* feedExTests */ = {
			isa = PBXGroup;
			children = (
				6F5E921B172385780059055F /* feedExTests.h */,
				6F5E921C172385780059055F /* feedExTests.m */,
				6F5E9216172385780059055F /* Supporting Files */,
			);
			path = feedExTests;
			sourceTree = "<group>";
		};
		6F5E9216172385780059055F /* Supporting Files */ = {
			isa = PBXGroup;
			children = (
				6F5E9217172385780059055F /* feedExTests-Info.plist */,
				6F5E9218172385780059055F /* InfoPlist.strings */,
			);
			name = "Supporting Files";
			sourceTree = "<group>";
		};
		6F9E95AF1744EED100DCCF24 /* GUI */ = {
			isa = PBXGroup;
			children = (
				6F9E95B01744EED100DCCF24 /* Common */,
				6F9E95B31744EED100DCCF24 /* Place */,
			);
			path = GUI;
			sourceTree = "<group>";
		};
		6F9E95B01744EED100DCCF24 /* Common */ = {
			isa = PBXGroup;
			children = (
				6F9E95B11744EED100DCCF24 /* FEVerticalResizeControllView.h */,
				6F9E95B21744EED100DCCF24 /* FEVerticalResizeControllView.m */,
				6F9E95C01745E44000DCCF24 /* NSString+Extension.h */,
				6F9E95C11745E44000DCCF24 /* NSString+Extension.m */,
				6F9E95CF17465D9200DCCF24 /* FEDynamicScrollView.h */,
				6F9E95D017465D9200DCCF24 /* FEDynamicScrollView.m */,
				6FD8CB501748DC410039EAE8 /* FEWiggleView.h */,
				6FD8CB511748DC410039EAE8 /* FEWiggleView.m */,
			);
			path = Common;
			sourceTree = "<group>";
		};
		6F9E95B31744EED100DCCF24 /* Place */ = {
			isa = PBXGroup;
			children = (
				6F9E95B41744EED100DCCF24 /* FEEditPlaceInfoMainVC.h */,
				6F9E95B51744EED100DCCF24 /* FEEditPlaceInfoMainVC.m */,
				6F9E95B61744EED100DCCF24 /* FEEditPlaceInfoTVC.h */,
				6F9E95B71744EED100DCCF24 /* FEEditPlaceInfoTVC.m */,
			);
			path = Place;
			sourceTree = "<group>";
		};
		6FA7DEAD172E8000004404E6 /* Products */ = {
			isa = PBXGroup;
			children = (
				6FA7DEB1172E8000004404E6 /* feedExDatabaseGenerate */,
			);
			name = Products;
			sourceTree = "<group>";
		};
		6FCE53431723968A00D61BB9 /* Icons */ = {
			isa = PBXGroup;
			children = (
				6FCE53441723968A00D61BB9 /* community.png */,
				6FCE53451723968A00D61BB9 /* home.png */,
				6FCE53461723968A00D61BB9 /* map.png */,
				6FCE53471723968A00D61BB9 /* search.png */,
				6FCE53481723968A00D61BB9 /* spin.png */,
			);
			path = Icons;
			sourceTree = "<group>";
		};
/* End PBXGroup section */

/* Begin PBXNativeTarget section */
		6F5E91E4172385780059055F /* feedEx */ = {
			isa = PBXNativeTarget;
			buildConfigurationList = 6F5E9220172385780059055F /* Build configuration list for PBXNativeTarget "feedEx" */;
			buildPhases = (
				6F5E91E1172385780059055F /* Sources */,
				6F5E91E2172385780059055F /* Frameworks */,
				6F5E91E3172385780059055F /* Resources */,
			);
			buildRules = (
			);
			dependencies = (
			);
			name = feedEx;
			productName = feedEx;
			productReference = 6F5E91E5172385780059055F /* feedEx.app */;
			productType = "com.apple.product-type.application";
		};
		6F5E920D172385780059055F /* feedExTests */ = {
			isa = PBXNativeTarget;
			buildConfigurationList = 6F5E9223172385780059055F /* Build configuration list for PBXNativeTarget "feedExTests" */;
			buildPhases = (
				6F5E9209172385780059055F /* Sources */,
				6F5E920A172385780059055F /* Frameworks */,
				6F5E920B172385780059055F /* Resources */,
				6F5E920C172385780059055F /* ShellScript */,
			);
			buildRules = (
			);
			dependencies = (
				6F5E9214172385780059055F /* PBXTargetDependency */,
			);
			name = feedExTests;
			productName = feedExTests;
			productReference = 6F5E920E172385780059055F /* feedExTests.octest */;
			productType = "com.apple.product-type.bundle";
		};
/* End PBXNativeTarget section */

/* Begin PBXProject section */
		6F5E91DD172385770059055F /* Project object */ = {
			isa = PBXProject;
			attributes = {
				CLASSPREFIX = FE;
				LastUpgradeCheck = 0460;
				ORGANIZATIONNAME = csnguyen;
			};
			buildConfigurationList = 6F5E91E0172385770059055F /* Build configuration list for PBXProject "feedEx" */;
			compatibilityVersion = "Xcode 3.2";
			developmentRegion = English;
			hasScannedForEncodings = 0;
			knownRegions = (
				en,
			);
			mainGroup = 6F5E91DC172385770059055F;
			productRefGroup = 6F5E91E6172385780059055F /* Products */;
			projectDirPath = "";
			projectReferences = (
				{
					ProductGroup = 6FA7DEAD172E8000004404E6 /* Products */;
					ProjectRef = 6FA7DEAC172E8000004404E6 /* feedExDatabaseGenerate.xcodeproj */;
				},
			);
			projectRoot = "";
			targets = (
				6F5E91E4172385780059055F /* feedEx */,
				6F5E920D172385780059055F /* feedExTests */,
			);
		};
/* End PBXProject section */

/* Begin PBXReferenceProxy section */
		6FA7DEB1172E8000004404E6 /* feedExDatabaseGenerate */ = {
			isa = PBXReferenceProxy;
			fileType = "compiled.mach-o.executable";
			path = feedExDatabaseGenerate;
			remoteRef = 6FA7DEB0172E8000004404E6 /* PBXContainerItemProxy */;
			sourceTree = BUILT_PRODUCTS_DIR;
		};
/* End PBXReferenceProxy section */

/* Begin PBXResourcesBuildPhase section */
		6F5E91E3172385780059055F /* Resources */ = {
			isa = PBXResourcesBuildPhase;
			buildActionMask = 2147483647;
			files = (
				6F5E91F3172385780059055F /* InfoPlist.strings in Resources */,
				6F5E91FB172385780059055F /* Default.png in Resources */,
				6F5E91FD172385780059055F /* Default@2x.png in Resources */,
				6F5E91FF172385780059055F /* Default-568h@2x.png in Resources */,
				6F5E9202172385780059055F /* MainStoryboard_iPhone.storyboard in Resources */,
				6F5E9205172385780059055F /* MainStoryboard_iPad.storyboard in Resources */,
				6FCE53491723968A00D61BB9 /* community.png in Resources */,
				6FCE534A1723968A00D61BB9 /* home.png in Resources */,
				6FCE534B1723968A00D61BB9 /* map.png in Resources */,
				6FCE534C1723968A00D61BB9 /* search.png in Resources */,
				6FCE534D1723968A00D61BB9 /* spin.png in Resources */,
				6FBD71CD173F6FFA00AB6EDA /* GoogleMaps.bundle in Resources */,
				6F9E95F817473BAB00DCCF24 /* a_t.png in Resources */,
				6F9E95FA17473BAB00DCCF24 /* b_t.png in Resources */,
				6F9E95FC17473BAB00DCCF24 /* c_t.png in Resources */,
				6F9E95FE17473BAB00DCCF24 /* d_t.png in Resources */,
				6F9E960217473BAB00DCCF24 /* e_t.png in Resources */,
				6F9E960617475D5000DCCF24 /* delete.png in Resources */,
				6F9E960717475D5000DCCF24 /* delete@2x.png in Resources */,
			);
			runOnlyForDeploymentPostprocessing = 0;
		};
		6F5E920B172385780059055F /* Resources */ = {
			isa = PBXResourcesBuildPhase;
			buildActionMask = 2147483647;
			files = (
				6F5E921A172385780059055F /* InfoPlist.strings in Resources */,
			);
			runOnlyForDeploymentPostprocessing = 0;
		};
/* End PBXResourcesBuildPhase section */

/* Begin PBXShellScriptBuildPhase section */
		6F5E920C172385780059055F /* ShellScript */ = {
			isa = PBXShellScriptBuildPhase;
			buildActionMask = 2147483647;
			files = (
			);
			inputPaths = (
			);
			outputPaths = (
			);
			runOnlyForDeploymentPostprocessing = 0;
			shellPath = /bin/sh;
			shellScript = "# Run the unit tests in this test bundle.\n\"${SYSTEM_DEVELOPER_DIR}/Tools/RunUnitTests\"\n";
		};
/* End PBXShellScriptBuildPhase section */

/* Begin PBXSourcesBuildPhase section */
		6F5E91E1172385780059055F /* Sources */ = {
			isa = PBXSourcesBuildPhase;
			buildActionMask = 2147483647;
			files = (
				6F5E91F5172385780059055F /* main.m in Sources */,
				6F5E91F9172385780059055F /* FEAppDelegate.m in Sources */,
				6F5C32CE172B82EF00BCF8F7 /* feedex.xcdatamodeld in Sources */,
				6F1BCA03172E1CCE009FDF6E /* FECoreDataController.m in Sources */,
				6F12E62F173513B8007A38DA /* PngImageTransformer.m in Sources */,
				6F12E65F1735409A007A38DA /* AbstractInfo+Extension.m in Sources */,
				6F12E66317354466007A38DA /* UIImage+Extension.m in Sources */,
				6F0D6CA8173640CD0008E12F /* Place+Extension.m in Sources */,
				6F0D6D00173644650008E12F /* AbstractInfo.m in Sources */,
				6F0D6D04173644680008E12F /* Address.m in Sources */,
				6F0D6D081736446B0008E12F /* User.m in Sources */,
				6F0D6D0C173644710008E12F /* Tag.m in Sources */,
				6F0D6D10173644790008E12F /* Food.m in Sources */,
				6F0D6D14173644820008E12F /* Photo.m in Sources */,
				6F0D6D181736448E0008E12F /* Place.m in Sources */,
				6F9E95B81744EED100DCCF24 /* FEVerticalResizeControllView.m in Sources */,
				6F9E95B91744EED100DCCF24 /* FEEditPlaceInfoMainVC.m in Sources */,
				6F9E95BA1744EED100DCCF24 /* FEEditPlaceInfoTVC.m in Sources */,
				6F9E95C21745E44100DCCF24 /* NSString+Extension.m in Sources */,
				6F9E95CA174646A900DCCF24 /* FETestViewController.m in Sources */,
				6F9E95D117465D9300DCCF24 /* FEDynamicScrollView.m in Sources */,
				6FD8CB521748DC410039EAE8 /* FEWiggleView.m in Sources */,
			);
			runOnlyForDeploymentPostprocessing = 0;
		};
		6F5E9209172385780059055F /* Sources */ = {
			isa = PBXSourcesBuildPhase;
			buildActionMask = 2147483647;
			files = (
				6F5E921D172385780059055F /* feedExTests.m in Sources */,
				6F1BCA04172E1CCE009FDF6E /* FECoreDataController.m in Sources */,
				6F12E630173513B8007A38DA /* PngImageTransformer.m in Sources */,
				6F12E6601735409A007A38DA /* AbstractInfo+Extension.m in Sources */,
				6F12E66417354466007A38DA /* UIImage+Extension.m in Sources */,
				6F0D6CA9173640CD0008E12F /* Place+Extension.m in Sources */,
				6F0D6D01173644650008E12F /* AbstractInfo.m in Sources */,
				6F0D6D05173644680008E12F /* Address.m in Sources */,
				6F0D6D091736446B0008E12F /* User.m in Sources */,
				6F0D6D0D173644710008E12F /* Tag.m in Sources */,
				6F0D6D11173644790008E12F /* Food.m in Sources */,
				6F0D6D15173644820008E12F /* Photo.m in Sources */,
				6F0D6D191736448E0008E12F /* Place.m in Sources */,
			);
			runOnlyForDeploymentPostprocessing = 0;
		};
/* End PBXSourcesBuildPhase section */

/* Begin PBXTargetDependency section */
		6F5E9214172385780059055F /* PBXTargetDependency */ = {
			isa = PBXTargetDependency;
			target = 6F5E91E4172385780059055F /* feedEx */;
			targetProxy = 6F5E9213172385780059055F /* PBXContainerItemProxy */;
		};
/* End PBXTargetDependency section */

/* Begin PBXVariantGroup section */
		6F5E91F1172385780059055F /* InfoPlist.strings */ = {
			isa = PBXVariantGroup;
			children = (
				6F5E91F2172385780059055F /* en */,
			);
			name = InfoPlist.strings;
			sourceTree = "<group>";
		};
		6F5E9200172385780059055F /* MainStoryboard_iPhone.storyboard */ = {
			isa = PBXVariantGroup;
			children = (
				6F5E9201172385780059055F /* en */,
			);
			name = MainStoryboard_iPhone.storyboard;
			sourceTree = "<group>";
		};
		6F5E9203172385780059055F /* MainStoryboard_iPad.storyboard */ = {
			isa = PBXVariantGroup;
			children = (
				6F5E9204172385780059055F /* en */,
			);
			name = MainStoryboard_iPad.storyboard;
			sourceTree = "<group>";
		};
		6F5E9218172385780059055F /* InfoPlist.strings */ = {
			isa = PBXVariantGroup;
			children = (
				6F5E9219172385780059055F /* en */,
			);
			name = InfoPlist.strings;
			sourceTree = "<group>";
		};
/* End PBXVariantGroup section */

/* Begin XCBuildConfiguration section */
		6F5E921E172385780059055F /* Debug */ = {
			isa = XCBuildConfiguration;
			buildSettings = {
				ALWAYS_SEARCH_USER_PATHS = NO;
				CLANG_CXX_LANGUAGE_STANDARD = "gnu++0x";
				CLANG_CXX_LIBRARY = "libc++";
				CLANG_ENABLE_OBJC_ARC = YES;
				CLANG_WARN_CONSTANT_CONVERSION = YES;
				CLANG_WARN_EMPTY_BODY = YES;
				CLANG_WARN_ENUM_CONVERSION = YES;
				CLANG_WARN_INT_CONVERSION = YES;
				CLANG_WARN__DUPLICATE_METHOD_MATCH = YES;
				"CODE_SIGN_IDENTITY[sdk=iphoneos*]" = "iPhone Developer";
				COPY_PHASE_STRIP = NO;
				GCC_C_LANGUAGE_STANDARD = gnu99;
				GCC_DYNAMIC_NO_PIC = NO;
				GCC_OPTIMIZATION_LEVEL = 0;
				GCC_PREPROCESSOR_DEFINITIONS = (
					"DEBUG=1",
					"$(inherited)",
				);
				GCC_SYMBOLS_PRIVATE_EXTERN = NO;
				GCC_WARN_ABOUT_RETURN_TYPE = YES;
				GCC_WARN_UNINITIALIZED_AUTOS = YES;
				GCC_WARN_UNUSED_VARIABLE = YES;
				IPHONEOS_DEPLOYMENT_TARGET = 5.0;
				ONLY_ACTIVE_ARCH = YES;
				OTHER_LDFLAGS = "-ObjC";
				SDKROOT = iphoneos;
				TARGETED_DEVICE_FAMILY = "1,2";
			};
			name = Debug;
		};
		6F5E921F172385780059055F /* Release */ = {
			isa = XCBuildConfiguration;
			buildSettings = {
				ALWAYS_SEARCH_USER_PATHS = NO;
				CLANG_CXX_LANGUAGE_STANDARD = "gnu++0x";
				CLANG_CXX_LIBRARY = "libc++";
				CLANG_ENABLE_OBJC_ARC = YES;
				CLANG_WARN_CONSTANT_CONVERSION = YES;
				CLANG_WARN_EMPTY_BODY = YES;
				CLANG_WARN_ENUM_CONVERSION = YES;
				CLANG_WARN_INT_CONVERSION = YES;
				CLANG_WARN__DUPLICATE_METHOD_MATCH = YES;
				"CODE_SIGN_IDENTITY[sdk=iphoneos*]" = "iPhone Developer";
				COPY_PHASE_STRIP = YES;
				GCC_C_LANGUAGE_STANDARD = gnu99;
				GCC_WARN_ABOUT_RETURN_TYPE = YES;
				GCC_WARN_UNINITIALIZED_AUTOS = YES;
				GCC_WARN_UNUSED_VARIABLE = YES;
				IPHONEOS_DEPLOYMENT_TARGET = 5.0;
				OTHER_CFLAGS = "-DNS_BLOCK_ASSERTIONS=1";
				OTHER_LDFLAGS = "-ObjC";
				SDKROOT = iphoneos;
				TARGETED_DEVICE_FAMILY = "1,2";
				VALIDATE_PRODUCT = YES;
			};
			name = Release;
		};
		6F5E9221172385780059055F /* Debug */ = {
			isa = XCBuildConfiguration;
			buildSettings = {
				FRAMEWORK_SEARCH_PATHS = (
					"$(inherited)",
					"\"$(SRCROOT)\"",
					"\"$(SRCROOT)/framework\"",
				);
				GCC_PRECOMPILE_PREFIX_HEADER = YES;
				GCC_PREFIX_HEADER = "feedEx/feedEx-Prefix.pch";
				INFOPLIST_FILE = "feedEx/feedEx-Info.plist";
				IPHONEOS_DEPLOYMENT_TARGET = 5.0;
				PRODUCT_NAME = "$(TARGET_NAME)";
				WRAPPER_EXTENSION = app;
			};
			name = Debug;
		};
		6F5E9222172385780059055F /* Release */ = {
			isa = XCBuildConfiguration;
			buildSettings = {
				FRAMEWORK_SEARCH_PATHS = (
					"$(inherited)",
					"\"$(SRCROOT)\"",
					"\"$(SRCROOT)/framework\"",
				);
				GCC_PRECOMPILE_PREFIX_HEADER = YES;
				GCC_PREFIX_HEADER = "feedEx/feedEx-Prefix.pch";
				INFOPLIST_FILE = "feedEx/feedEx-Info.plist";
				IPHONEOS_DEPLOYMENT_TARGET = 5.0;
				PRODUCT_NAME = "$(TARGET_NAME)";
				WRAPPER_EXTENSION = app;
			};
			name = Release;
		};
		6F5E9224172385780059055F /* Debug */ = {
			isa = XCBuildConfiguration;
			buildSettings = {
				BUNDLE_LOADER = "$(BUILT_PRODUCTS_DIR)/feedEx.app/feedEx";
				FRAMEWORK_SEARCH_PATHS = (
					"\"$(SDKROOT)/Developer/Library/Frameworks\"",
					"\"$(DEVELOPER_LIBRARY_DIR)/Frameworks\"",
				);
				GCC_PRECOMPILE_PREFIX_HEADER = YES;
				GCC_PREFIX_HEADER = "feedEx/feedEx-Prefix.pch";
				"GCC_PREPROCESSOR_DEFINITIONS[arch=*]" = (
					TEST,
					"$(inherited)",
				);
				INFOPLIST_FILE = "feedExTests/feedExTests-Info.plist";
				PRODUCT_NAME = "$(TARGET_NAME)";
				TEST_HOST = "$(BUNDLE_LOADER)";
				WRAPPER_EXTENSION = octest;
			};
			name = Debug;
		};
		6F5E9225172385780059055F /* Release */ = {
			isa = XCBuildConfiguration;
			buildSettings = {
				BUNDLE_LOADER = "$(BUILT_PRODUCTS_DIR)/feedEx.app/feedEx";
				FRAMEWORK_SEARCH_PATHS = (
					"\"$(SDKROOT)/Developer/Library/Frameworks\"",
					"\"$(DEVELOPER_LIBRARY_DIR)/Frameworks\"",
				);
				GCC_PRECOMPILE_PREFIX_HEADER = YES;
				GCC_PREFIX_HEADER = "feedEx/feedEx-Prefix.pch";
				INFOPLIST_FILE = "feedExTests/feedExTests-Info.plist";
				PRODUCT_NAME = "$(TARGET_NAME)";
				TEST_HOST = "$(BUNDLE_LOADER)";
				WRAPPER_EXTENSION = octest;
			};
			name = Release;
		};
/* End XCBuildConfiguration section */

/* Begin XCConfigurationList section */
		6F5E91E0172385770059055F /* Build configuration list for PBXProject "feedEx" */ = {
			isa = XCConfigurationList;
			buildConfigurations = (
				6F5E921E172385780059055F /* Debug */,
				6F5E921F172385780059055F /* Release */,
			);
			defaultConfigurationIsVisible = 0;
			defaultConfigurationName = Release;
		};
		6F5E9220172385780059055F /* Build configuration list for PBXNativeTarget "feedEx" */ = {
			isa = XCConfigurationList;
			buildConfigurations = (
				6F5E9221172385780059055F /* Debug */,
				6F5E9222172385780059055F /* Release */,
			);
			defaultConfigurationIsVisible = 0;
			defaultConfigurationName = Release;
		};
		6F5E9223172385780059055F /* Build configuration list for PBXNativeTarget "feedExTests" */ = {
			isa = XCConfigurationList;
			buildConfigurations = (
				6F5E9224172385780059055F /* Debug */,
				6F5E9225172385780059055F /* Release */,
			);
			defaultConfigurationIsVisible = 0;
			defaultConfigurationName = Release;
		};
/* End XCConfigurationList section */

/* Begin XCVersionGroup section */
		6F5C32CC172B82EF00BCF8F7 /* feedex.xcdatamodeld */ = {
			isa = XCVersionGroup;
			children = (
				6F5C32CD172B82EF00BCF8F7 /* feedex.xcdatamodel */,
			);
			currentVersion = 6F5C32CD172B82EF00BCF8F7 /* feedex.xcdatamodel */;
			path = feedex.xcdatamodeld;
			sourceTree = "<group>";
			versionGroupType = wrapper.xcdatamodel;
		};
/* End XCVersionGroup section */
	};
	rootObject = 6F5E91DD172385770059055F /* Project object */;
}
